
Microsoft Visual Studio Solution File, Format Version 12.00
# Visual Studio Version 17
VisualStudioVersion = 17.3.32825.248
MinimumVisualStudioVersion = 10.0.40219.1
Project("{FAE04EC0-301F-11D3-BF4B-00C04F79EFBC}") = "Working with Text 1", "Working with Text 1.csproj", "{D14FC431-A0B9-4A38-86B3-00C12CC0E5D4}"
EndProject
Global
	GlobalSection(SolutionConfigurationPlatforms) = preSolution
		Debug|Any CPU = Debug|Any CPU
		Release|Any CPU = Release|Any CPU
	EndGlobalSection
	GlobalSection(ProjectConfigurationPlatforms) = postSolution
		{D14FC431-A0B9-4A38-86B3-00C12CC0E5D4}.Debug|Any CPU.ActiveCfg = Debug|Any CPU
		{D14FC431-A0B9-4A38-86B3-00C12CC0E5D4}.Debug|Any CPU.Build.0 = Debug|Any CPU
		{D14FC431-A0B9-4A38-86B3-00C12CC0E5D4}.Release|Any CPU.ActiveCfg = Release|Any CPU
		{D14FC431-A0B9-4A38-86B3-00C12CC0E5D4}.Release|Any CPU.Build.0 = Release|Any CPU
	EndGlobalSection
	GlobalSection(SolutionProperties) = preSolution
		HideSolutionNode = FALSE
	EndGlobalSection
	GlobalSection(ExtensibilityGlobals) = postSolution
		SolutionGuid = {6CCBABF6-0F6C-499D-A92A-4A47EF7E6845}
	EndGlobalSection
EndGlobal
