
Microsoft Visual Studio Solution File, Format Version 12.00
# Visual Studio Version 17
VisualStudioVersion = 17.3.32825.248
MinimumVisualStudioVersion = 10.0.40219.1
Project("{FAE04EC0-301F-11D3-BF4B-00C04F79EFBC}") = "Arrays and Lists 4", "Arrays and Lists 4.csproj", "{7A3F9516-9628-4CE1-95B9-CDE5179A9FBA}"
EndProject
Global
	GlobalSection(SolutionConfigurationPlatforms) = preSolution
		Debug|Any CPU = Debug|Any CPU
		Release|Any CPU = Release|Any CPU
	EndGlobalSection
	GlobalSection(ProjectConfigurationPlatforms) = postSolution
		{7A3F9516-9628-4CE1-95B9-CDE5179A9FBA}.Debug|Any CPU.ActiveCfg = Debug|Any CPU
		{7A3F9516-9628-4CE1-95B9-CDE5179A9FBA}.Debug|Any CPU.Build.0 = Debug|Any CPU
		{7A3F9516-9628-4CE1-95B9-CDE5179A9FBA}.Release|Any CPU.ActiveCfg = Release|Any CPU
		{7A3F9516-9628-4CE1-95B9-CDE5179A9FBA}.Release|Any CPU.Build.0 = Release|Any CPU
	EndGlobalSection
	GlobalSection(SolutionProperties) = preSolution
		HideSolutionNode = FALSE
	EndGlobalSection
	GlobalSection(ExtensibilityGlobals) = postSolution
		SolutionGuid = {AECACEC6-F43E-4144-9463-E829E11ED8C5}
	EndGlobalSection
EndGlobal
