
Microsoft Visual Studio Solution File, Format Version 12.00
# Visual Studio Version 17
VisualStudioVersion = 17.3.32825.248
MinimumVisualStudioVersion = 10.0.40219.1
Project("{FAE04EC0-301F-11D3-BF4B-00C04F79EFBC}") = "Working with Text 4", "Working with Text 4.csproj", "{F7E5732B-A51F-48D6-A359-578B8CF2A23D}"
EndProject
Global
	GlobalSection(SolutionConfigurationPlatforms) = preSolution
		Debug|Any CPU = Debug|Any CPU
		Release|Any CPU = Release|Any CPU
	EndGlobalSection
	GlobalSection(ProjectConfigurationPlatforms) = postSolution
		{F7E5732B-A51F-48D6-A359-578B8CF2A23D}.Debug|Any CPU.ActiveCfg = Debug|Any CPU
		{F7E5732B-A51F-48D6-A359-578B8CF2A23D}.Debug|Any CPU.Build.0 = Debug|Any CPU
		{F7E5732B-A51F-48D6-A359-578B8CF2A23D}.Release|Any CPU.ActiveCfg = Release|Any CPU
		{F7E5732B-A51F-48D6-A359-578B8CF2A23D}.Release|Any CPU.Build.0 = Release|Any CPU
	EndGlobalSection
	GlobalSection(SolutionProperties) = preSolution
		HideSolutionNode = FALSE
	EndGlobalSection
	GlobalSection(ExtensibilityGlobals) = postSolution
		SolutionGuid = {AFA17FAE-8AB5-4D89-B279-8F5F79510F08}
	EndGlobalSection
EndGlobal
